
Microsoft Visual Studio Solution File, Format Version 12.00
# Visual Studio Version 17
VisualStudioVersion = 17.6.33829.357
MinimumVisualStudioVersion = 10.0.40219.1
Project("{FAE04EC0-301F-11D3-BF4B-00C04F79EFBC}") = "RT-890-Flasher", "RT-890-Flasher.csproj", "{5BDF5DDC-9D5B-4350-95C3-71D1A9818E35}"
EndProject
Global
	GlobalSection(SolutionConfigurationPlatforms) = preSolution
		Debug|Any CPU = Debug|Any CPU
		Release|Any CPU = Release|Any CPU
	EndGlobalSection
	GlobalSection(ProjectConfigurationPlatforms) = postSolution
		{5BDF5DDC-9D5B-4350-95C3-71D1A9818E35}.Debug|Any CPU.ActiveCfg = Debug|Any CPU
		{5BDF5DDC-9D5B-4350-95C3-71D1A9818E35}.Debug|Any CPU.Build.0 = Debug|Any CPU
		{5BDF5DDC-9D5B-4350-95C3-71D1A9818E35}.Release|Any CPU.ActiveCfg = Release|Any CPU
		{5BDF5DDC-9D5B-4350-95C3-71D1A9818E35}.Release|Any CPU.Build.0 = Release|Any CPU
	EndGlobalSection
	GlobalSection(SolutionProperties) = preSolution
		HideSolutionNode = FALSE
	EndGlobalSection
	GlobalSection(ExtensibilityGlobals) = postSolution
		SolutionGuid = {08AF5AEB-2CAC-42B5-BF63-3D8E23E96C00}
	EndGlobalSection
EndGlobal
